{
  "version": 4,
  "terraform_version": "1.2.4",
  "serial": 15,
  "lineage": "4e93da3f-65e2-35f0-e041-6ea0feedeca0",
  "outputs": {
    "external_ip_address_node01_yandex_cloud": {
      "value": "51.250.81.202",
      "type": "string"
    },
    "external_ip_address_node02_yandex_cloud": {
      "value": "51.250.6.131",
      "type": "string"
    },
    "internal_ip_address_node01_yandex_cloud": {
      "value": "192.168.101.17",
      "type": "string"
    },
    "internal_ip_address_node02_yandex_cloud": {
      "value": "192.168.101.20",
      "type": "string"
    }
  },
  "resources": [
    {
      "mode": "managed",
      "type": "yandex_compute_instance",
      "name": "node01",
      "provider": "provider[\"registry.terraform.io/yandex-cloud/yandex\"]",
      "instances": [
        {
          "schema_version": 1,
          "attributes": {
            "allow_recreate": null,
            "allow_stopping_for_update": true,
            "boot_disk": [
              {
                "auto_delete": true,
                "device_name": "fhmuaj0ngr2tvbvccr8n",
                "disk_id": "fhmuaj0ngr2tvbvccr8n",
                "initialize_params": [
                  {
                    "block_size": 4096,
                    "description": "",
                    "image_id": "fd8s68mc7uod5h6kelo9",
                    "name": "root-node01",
                    "size": 50,
                    "snapshot_id": "",
                    "type": "network-ssd"
                  }
                ],
                "mode": "READ_WRITE"
              }
            ],
            "created_at": "2022-06-30T13:15:12Z",
            "description": "",
            "folder_id": "b1gm4r9j31pheh5l5sk8",
            "fqdn": "node01.netology.cloud",
            "hostname": "node01",
            "id": "fhmt2hcf6ta0rp7tvudf",
            "labels": null,
            "metadata": {
              "ssh-keys": "centos:ssh-rsa AAAAB3NzaC1yc2EAAAADAQABAAABgQCoDK/zSv1+86GD1dMGgJ2hndo1ANkdfNegAGGXrxtHmBz+vdcRbA3y39PsA8mrVqjImo2MMkO4rFFV/rnPINfFAPQjjIGBEscHtkJJwRaUB209BQ364BeUeubTr4T8D6abqjslt/T606lcrjTFZd2vB00TQQh+l6terlooxpUtPb9dbfoLFnitU1ETIk4OJiqPJ4RliHAljWH+pB2I0tjSscYzc7nKs6LvAm97IxXisKXZ8juRmuWy6gSQcjDghZGIIZN7YQ33JpwWuil/YWEFucC3qWMgkVr2TqM2LRwlA/9zfNtcnS9+GPGLrJlXSImCMxacx2sArfXSX4Dv+14DNPIsgzaiFf8oZ6sMrygo0Jhfs6qAULB/ZkE2vk8kRiuKtTSHNXq1C6+Pllk8xkYEf3ml26iVAUzRWDT3WfSbPAyy5V9SZ8ZdYyZ1HoKJQV4zAnZM2gt/gTVBVN5Yq4lThrNNxa8vtR46aPV5d/EKI/X31UfR41rqB7NyeyKbaks= vladimir@linuxstage\n"
            },
            "name": "node01",
            "network_acceleration_type": "standard",
            "network_interface": [
              {
                "dns_record": [],
                "index": 0,
                "ip_address": "192.168.101.17",
                "ipv4": true,
                "ipv6": false,
                "ipv6_address": "",
                "ipv6_dns_record": [],
                "mac_address": "d0:0d:1d:14:58:f3",
                "nat": true,
                "nat_dns_record": [],
                "nat_ip_address": "51.250.81.202",
                "nat_ip_version": "IPV4",
                "security_group_ids": [],
                "subnet_id": "e9bmi4crqirkh5qel52j"
              }
            ],
            "placement_policy": [
              {
                "host_affinity_rules": [],
                "placement_group_id": ""
              }
            ],
            "platform_id": "standard-v1",
            "resources": [
              {
                "core_fraction": 100,
                "cores": 8,
                "gpus": 0,
                "memory": 8
              }
            ],
            "scheduling_policy": [
              {
                "preemptible": false
              }
            ],
            "secondary_disk": [],
            "service_account_id": "",
            "status": "running",
            "timeouts": null,
            "zone": "ru-central1-a"
          },
          "sensitive_attributes": [],
          "private": "eyJlMmJmYjczMC1lY2FhLTExZTYtOGY4OC0zNDM2M2JjN2M0YzAiOnsiY3JlYXRlIjozMDAwMDAwMDAwMDAsImRlbGV0ZSI6MzAwMDAwMDAwMDAwLCJ1cGRhdGUiOjMwMDAwMDAwMDAwMH0sInNjaGVtYV92ZXJzaW9uIjoiMSJ9",
          "dependencies": [
            "yandex_vpc_subnet.default"
          ]
        }
      ]
    },
    {
      "mode": "managed",
      "type": "yandex_compute_instance",
      "name": "node02",
      "provider": "provider[\"registry.terraform.io/yandex-cloud/yandex\"]",
      "instances": [
        {
          "schema_version": 1,
          "attributes": {
            "allow_recreate": null,
            "allow_stopping_for_update": true,
            "boot_disk": [
              {
                "auto_delete": true,
                "device_name": "fhm409evht8g0iq4plft",
                "disk_id": "fhm409evht8g0iq4plft",
                "initialize_params": [
                  {
                    "block_size": 4096,
                    "description": "",
                    "image_id": "fd8s68mc7uod5h6kelo9",
                    "name": "root-node02",
                    "size": 50,
                    "snapshot_id": "",
                    "type": "network-ssd"
                  }
                ],
                "mode": "READ_WRITE"
              }
            ],
            "created_at": "2022-06-30T13:14:32Z",
            "description": "",
            "folder_id": "b1gm4r9j31pheh5l5sk8",
            "fqdn": "node02.netology.cloud",
            "hostname": "node02",
            "id": "fhmcpef8p5cdbt1r8d0q",
            "labels": null,
            "metadata": {
              "ssh-keys": "centos:ssh-rsa AAAAB3NzaC1yc2EAAAADAQABAAABgQCoDK/zSv1+86GD1dMGgJ2hndo1ANkdfNegAGGXrxtHmBz+vdcRbA3y39PsA8mrVqjImo2MMkO4rFFV/rnPINfFAPQjjIGBEscHtkJJwRaUB209BQ364BeUeubTr4T8D6abqjslt/T606lcrjTFZd2vB00TQQh+l6terlooxpUtPb9dbfoLFnitU1ETIk4OJiqPJ4RliHAljWH+pB2I0tjSscYzc7nKs6LvAm97IxXisKXZ8juRmuWy6gSQcjDghZGIIZN7YQ33JpwWuil/YWEFucC3qWMgkVr2TqM2LRwlA/9zfNtcnS9+GPGLrJlXSImCMxacx2sArfXSX4Dv+14DNPIsgzaiFf8oZ6sMrygo0Jhfs6qAULB/ZkE2vk8kRiuKtTSHNXq1C6+Pllk8xkYEf3ml26iVAUzRWDT3WfSbPAyy5V9SZ8ZdYyZ1HoKJQV4zAnZM2gt/gTVBVN5Yq4lThrNNxa8vtR46aPV5d/EKI/X31UfR41rqB7NyeyKbaks= vladimir@linuxstage\n"
            },
            "name": "node02",
            "network_acceleration_type": "standard",
            "network_interface": [
              {
                "dns_record": [],
                "index": 0,
                "ip_address": "192.168.101.20",
                "ipv4": true,
                "ipv6": false,
                "ipv6_address": "",
                "ipv6_dns_record": [],
                "mac_address": "d0:0d:cc:b9:e8:c9",
                "nat": true,
                "nat_dns_record": [],
                "nat_ip_address": "51.250.6.131",
                "nat_ip_version": "IPV4",
                "security_group_ids": [],
                "subnet_id": "e9bmi4crqirkh5qel52j"
              }
            ],
            "placement_policy": [
              {
                "host_affinity_rules": [],
                "placement_group_id": ""
              }
            ],
            "platform_id": "standard-v1",
            "resources": [
              {
                "core_fraction": 100,
                "cores": 8,
                "gpus": 0,
                "memory": 8
              }
            ],
            "scheduling_policy": [
              {
                "preemptible": false
              }
            ],
            "secondary_disk": [],
            "service_account_id": "",
            "status": "running",
            "timeouts": null,
            "zone": "ru-central1-a"
          },
          "sensitive_attributes": [],
          "private": "eyJlMmJmYjczMC1lY2FhLTExZTYtOGY4OC0zNDM2M2JjN2M0YzAiOnsiY3JlYXRlIjozMDAwMDAwMDAwMDAsImRlbGV0ZSI6MzAwMDAwMDAwMDAwLCJ1cGRhdGUiOjMwMDAwMDAwMDAwMH0sInNjaGVtYV92ZXJzaW9uIjoiMSJ9",
          "dependencies": [
            "yandex_vpc_subnet.default"
          ]
        }
      ]
    },
    {
      "mode": "managed",
      "type": "yandex_vpc_network",
      "name": "default",
      "provider": "provider[\"registry.terraform.io/yandex-cloud/yandex\"]",
      "instances": [
        {
          "schema_version": 0,
          "attributes": {
            "created_at": "2022-06-30T12:05:33Z",
            "default_security_group_id": "",
            "description": "",
            "folder_id": "b1gm4r9j31pheh5l5sk8",
            "id": "enp1ff8s2nac37r3gupp",
            "labels": {},
            "name": "net",
            "subnet_ids": [
              "e9bmi4crqirkh5qel52j"
            ],
            "timeouts": null
          },
          "sensitive_attributes": [],
          "private": "eyJlMmJmYjczMC1lY2FhLTExZTYtOGY4OC0zNDM2M2JjN2M0YzAiOnsiY3JlYXRlIjo2MDAwMDAwMDAwMCwiZGVsZXRlIjo2MDAwMDAwMDAwMCwidXBkYXRlIjo2MDAwMDAwMDAwMH19"
        }
      ]
    },
    {
      "mode": "managed",
      "type": "yandex_vpc_subnet",
      "name": "default",
      "provider": "provider[\"registry.terraform.io/yandex-cloud/yandex\"]",
      "instances": [
        {
          "schema_version": 0,
          "attributes": {
            "created_at": "2022-06-30T12:05:35Z",
            "description": "",
            "dhcp_options": [],
            "folder_id": "b1gm4r9j31pheh5l5sk8",
            "id": "e9bmi4crqirkh5qel52j",
            "labels": {},
            "name": "subnet",
            "network_id": "enp1ff8s2nac37r3gupp",
            "route_table_id": "",
            "timeouts": null,
            "v4_cidr_blocks": [
              "192.168.101.0/24"
            ],
            "v6_cidr_blocks": [],
            "zone": "ru-central1-a"
          },
          "sensitive_attributes": [],
          "private": "eyJlMmJmYjczMC1lY2FhLTExZTYtOGY4OC0zNDM2M2JjN2M0YzAiOnsiY3JlYXRlIjoxODAwMDAwMDAwMDAsImRlbGV0ZSI6MTgwMDAwMDAwMDAwLCJ1cGRhdGUiOjE4MDAwMDAwMDAwMH19",
          "dependencies": [
            "yandex_vpc_network.default"
          ]
        }
      ]
    }
  ]
}
